
Microsoft Visual Studio Solution File, Format Version 12.00
# Visual Studio 2012
Project("{FAE04EC0-301F-11D3-BF4B-00C04F79EFBC}") = "CodeFirst", "CodeFirst\CodeFirst.csproj", "{B3CA9AEA-DE84-4877-A6AC-C405EF872AD1}"
EndProject
Global
	GlobalSection(SolutionConfigurationPlatforms) = preSolution
		Debug|Any CPU = Debug|Any CPU
		Release|Any CPU = Release|Any CPU
	EndGlobalSection
	GlobalSection(ProjectConfigurationPlatforms) = postSolution
		{B3CA9AEA-DE84-4877-A6AC-C405EF872AD1}.Debug|Any CPU.ActiveCfg = Debug|Any CPU
		{B3CA9AEA-DE84-4877-A6AC-C405EF872AD1}.Debug|Any CPU.Build.0 = Debug|Any CPU
		{B3CA9AEA-DE84-4877-A6AC-C405EF872AD1}.Release|Any CPU.ActiveCfg = Release|Any CPU
		{B3CA9AEA-DE84-4877-A6AC-C405EF872AD1}.Release|Any CPU.Build.0 = Release|Any CPU
	EndGlobalSection
	GlobalSection(SolutionProperties) = preSolution
		HideSolutionNode = FALSE
	EndGlobalSection
EndGlobal
